# THIS IS AN AUTOGENERATED FILE. DO NOT EDIT THIS FILE DIRECTLY.
# yarn lockfile v1


"@tensorflow/tfjs-backend-cpu@3.15.0", "@tensorflow/tfjs-backend-cpu@^3.15.0":
  version "3.15.0"
  resolved "https://registry.yarnpkg.com/@tensorflow/tfjs-backend-cpu/-/tfjs-backend-cpu-3.15.0.tgz#f9aa5309f464c019d36cb42463813455d970f101"
  integrity sha512-f+GREHSiVkVIpFAwkjB7YWcZefqQvCKQhrNjZzm1WX4VdnWlo0b1lTI+gPIIYNk4LEFMBNJbfqy/N1xNS/SOLQ==
  dependencies:
    "@types/seedrandom" "2.4.27"
    seedrandom "2.4.3"

"@tensorflow/tfjs-backend-wasm@^3.15.0":
  version "3.15.0"
  resolved "https://registry.yarnpkg.com/@tensorflow/tfjs-backend-wasm/-/tfjs-backend-wasm-3.15.0.tgz#9aca0bede4bde85872831c066de77701412aef77"
  integrity sha512-Oohpk0hOvMPabBqe3NyTS7/oZy2dcsALMGlsaz7t5bJNxEVOambHsrcEtD5qbmQcuVBITArutF2myO8cV1QeHA==
  dependencies:
    "@tensorflow/tfjs-backend-cpu" "3.15.0"
    "@types/emscripten" "~0.0.34"

"@tensorflow/tfjs-backend-webgl@^3.15.0":
  version "3.15.0"
  resolved "https://registry.yarnpkg.com/@tensorflow/tfjs-backend-webgl/-/tfjs-backend-webgl-3.15.0.tgz#5a1a302700003955aa3e10aabbdee08c28729cf6"
  integrity sha512-QOxbTABFbP+m+UmCVB8VQlmZbsXiJOP8QRkRRZHhGWNKjtT3eWi+ROS1tbloS7/Q20SEmNZXCvcsjv0TBgFQPw==
  dependencies:
    "@tensorflow/tfjs-backend-cpu" "3.15.0"
    "@types/offscreencanvas" "~2019.3.0"
    "@types/seedrandom" "2.4.27"
    "@types/webgl-ext" "0.0.30"
    "@types/webgl2" "0.0.6"
    seedrandom "2.4.3"

"@tensorflow/tfjs-converter@^3.15.0":
  version "3.15.0"
  resolved "https://registry.yarnpkg.com/@tensorflow/tfjs-converter/-/tfjs-converter-3.15.0.tgz#7346932800fc6f8509dbd468504d617cec5aa282"
  integrity sha512-FBk3qGvNfS1xCw+ZLXCiD72vpR/rZaShFOY7HmLtTTfWlebWowrjaNqjvO8SKc7UGtRR/GJ7Bf3TgKyr9D3g0Q==

"@tensorflow/tfjs-core@3.15.0":
  version "3.15.0"
  resolved "https://registry.yarnpkg.com/@tensorflow/tfjs-core/-/tfjs-core-3.15.0.tgz#1fc676be2aa591cd48a2dd8301a41bc1bf0f9b14"
  integrity sha512-X1XGr8rewm/n0RDMnaLRcRYsTHlQCqQUR5DCtjUf4TuII7kq/pkZ9xCKPPfS1qUd5jLy663h8j5cAyjJNUt/hw==
  dependencies:
    "@types/long" "^4.0.1"
    "@types/offscreencanvas" "~2019.3.0"
    "@types/seedrandom" "2.4.27"
    "@types/webgl-ext" "0.0.30"
    long "4.0.0"
    node-fetch "~2.6.1"
    seedrandom "2.4.3"

"@tensorflow/tfjs-data@^3.15.0":
  version "3.15.0"
  resolved "https://registry.yarnpkg.com/@tensorflow/tfjs-data/-/tfjs-data-3.15.0.tgz#158539cdf82f35cbe0ea259903e1a385884b9279"
  integrity sha512-x8JOhpIsqN9jIWZqEmt2vLYf49lIhekI6nyw/fgAKjtx+I4qKw2gY7/r11TewZRxyD2o7SOrSoNIZT8nQJ5YfQ==
  dependencies:
    "@types/node-fetch" "^2.1.2"
    node-fetch "~2.6.1"

"@tensorflow/tfjs-layers@^3.15.0":
  version "3.15.0"
  resolved "https://registry.yarnpkg.com/@tensorflow/tfjs-layers/-/tfjs-layers-3.15.0.tgz#9f71497f37d2b1b067bf8adaa1e562a85b22c7a9"
  integrity sha512-6MWTrRd+kK2rto/HXX0Gg9yGIkT0twvuzTHcxFHUJVlW3JYulRCp185h3AcBytyzqQeae5eA73aOovm3lBvN+A==

"@types/emscripten@~0.0.34":
  version "0.0.34"
  resolved "https://registry.yarnpkg.com/@types/emscripten/-/emscripten-0.0.34.tgz#12b4a344274fb102ff2f6c877b37587bc3e46008"
  integrity sha512-QSb9ojDincskc+uKMI0KXp8e1NALFINCrMlp8VGKGcTSxeEyRTTKyjWw75NYrCZHUsVEEEpr1tYHpbtaC++/sQ==

"@types/long@^4.0.1":
  version "4.0.1"
  resolved "https://registry.yarnpkg.com/@types/long/-/long-4.0.1.tgz#459c65fa1867dafe6a8f322c4c51695663cc55e9"
  integrity sha512-5tXH6Bx/kNGd3MgffdmP4dy2Z+G4eaXw0SE81Tq3BNadtnMR5/ySMzX4SLEzHJzSmPNn4HIdpQsBvXMUykr58w==

"@types/node-fetch@^2.1.2":
  version "2.6.1"
  resolved "https://registry.yarnpkg.com/@types/node-fetch/-/node-fetch-2.6.1.tgz#8f127c50481db65886800ef496f20bbf15518975"
  integrity sha512-oMqjURCaxoSIsHSr1E47QHzbmzNR5rK8McHuNb11BOM9cHcIK3Avy0s/b2JlXHoQGTYS3NsvWzV1M0iK7l0wbA==
  dependencies:
    "@types/node" "*"
    form-data "^3.0.0"

"@types/node@*":
  version "17.0.24"
  resolved "https://registry.yarnpkg.com/@types/node/-/node-17.0.24.tgz#20ba1bf69c1b4ab405c7a01e950c4f446b05029f"
  integrity sha512-aveCYRQbgTH9Pssp1voEP7HiuWlD2jW2BO56w+bVrJn04i61yh6mRfoKO6hEYQD9vF+W8Chkwc6j1M36uPkx4g==

"@types/offscreencanvas@~2019.3.0":
  version "2019.3.0"
  resolved "https://registry.yarnpkg.com/@types/offscreencanvas/-/offscreencanvas-2019.3.0.tgz#3336428ec7e9180cf4566dfea5da04eb586a6553"
  integrity sha512-esIJx9bQg+QYF0ra8GnvfianIY8qWB0GBx54PK5Eps6m+xTj86KLavHv6qDhzKcu5UUOgNfJ2pWaIIV7TRUd9Q==

"@types/seedrandom@2.4.27":
  version "2.4.27"
  resolved "https://registry.yarnpkg.com/@types/seedrandom/-/seedrandom-2.4.27.tgz#9db563937dd86915f69092bc43259d2f48578e41"
  integrity sha1-nbVjk33YaRX2kJK8QyWdL0hXjkE=

"@types/webgl-ext@0.0.30":
  version "0.0.30"
  resolved "https://registry.yarnpkg.com/@types/webgl-ext/-/webgl-ext-0.0.30.tgz#0ce498c16a41a23d15289e0b844d945b25f0fb9d"
  integrity sha512-LKVgNmBxN0BbljJrVUwkxwRYqzsAEPcZOe6S2T6ZaBDIrFp0qu4FNlpc5sM1tGbXUYFgdVQIoeLk1Y1UoblyEg==

"@types/webgl2@0.0.6":
  version "0.0.6"
  resolved "https://registry.yarnpkg.com/@types/webgl2/-/webgl2-0.0.6.tgz#1ea2db791362bd8521548d664dbd3c5311cdf4b6"
  integrity sha512-50GQhDVTq/herLMiqSQkdtRu+d5q/cWHn4VvKJtrj4DJAjo1MNkWYa2MA41BaBO1q1HgsUjuQvEOk0QHvlnAaQ==

asynckit@^0.4.0:
  version "0.4.0"
  resolved "https://registry.yarnpkg.com/asynckit/-/asynckit-0.4.0.tgz#c79ed97f7f34cb8f2ba1bc9790bcc366474b4b79"
  integrity sha1-x57Zf380y48robyXkLzDZkdLS3k=

combined-stream@^1.0.8:
  version "1.0.8"
  resolved "https://registry.yarnpkg.com/combined-stream/-/combined-stream-1.0.8.tgz#c3d45a8b34fd730631a110a8a2520682b31d5a7f"
  integrity sha512-FQN4MRfuJeHf7cBbBMJFXhKSDq+2kAArBlmRBvcvFE5BB1HZKXtSFASDhdlz9zOYwxh8lDdnvmMOe/+5cdoEdg==
  dependencies:
    delayed-stream "~1.0.0"

delayed-stream@~1.0.0:
  version "1.0.0"
  resolved "https://registry.yarnpkg.com/delayed-stream/-/delayed-stream-1.0.0.tgz#df3ae199acadfb7d440aaae0b29e2272b24ec619"
  integrity sha1-3zrhmayt+31ECqrgsp4icrJOxhk=

esbuild-android-64@0.14.36:
  version "0.14.36"
  resolved "https://registry.yarnpkg.com/esbuild-android-64/-/esbuild-android-64-0.14.36.tgz#fc5f95ce78c8c3d790fa16bc71bd904f2bb42aa1"
  integrity sha512-jwpBhF1jmo0tVCYC/ORzVN+hyVcNZUWuozGcLHfod0RJCedTDTvR4nwlTXdx1gtncDqjk33itjO+27OZHbiavw==

esbuild-android-arm64@0.14.36:
  version "0.14.36"
  resolved "https://registry.yarnpkg.com/esbuild-android-arm64/-/esbuild-android-arm64-0.14.36.tgz#44356fbb9f8de82a5cdf11849e011dfb3ad0a8a8"
  integrity sha512-/hYkyFe7x7Yapmfv4X/tBmyKnggUmdQmlvZ8ZlBnV4+PjisrEhAvC3yWpURuD9XoB8Wa1d5dGkTsF53pIvpjsg==

esbuild-darwin-64@0.14.36:
  version "0.14.36"
  resolved "https://registry.yarnpkg.com/esbuild-darwin-64/-/esbuild-darwin-64-0.14.36.tgz#3d9324b21489c70141665c2e740d6e84f16f725d"
  integrity sha512-kkl6qmV0dTpyIMKagluzYqlc1vO0ecgpviK/7jwPbRDEv5fejRTaBBEE2KxEQbTHcLhiiDbhG7d5UybZWo/1zQ==

esbuild-darwin-arm64@0.14.36:
  version "0.14.36"
  resolved "https://registry.yarnpkg.com/esbuild-darwin-arm64/-/esbuild-darwin-arm64-0.14.36.tgz#2a8040c2e465131e5281034f3c72405e643cb7b2"
  integrity sha512-q8fY4r2Sx6P0Pr3VUm//eFYKVk07C5MHcEinU1BjyFnuYz4IxR/03uBbDwluR6ILIHnZTE7AkTUWIdidRi1Jjw==

esbuild-freebsd-64@0.14.36:
  version "0.14.36"
  resolved "https://registry.yarnpkg.com/esbuild-freebsd-64/-/esbuild-freebsd-64-0.14.36.tgz#d82c387b4d01fe9e8631f97d41eb54f2dbeb68a3"
  integrity sha512-Hn8AYuxXXRptybPqoMkga4HRFE7/XmhtlQjXFHoAIhKUPPMeJH35GYEUWGbjteai9FLFvBAjEAlwEtSGxnqWww==

esbuild-freebsd-arm64@0.14.36:
  version "0.14.36"
  resolved "https://registry.yarnpkg.com/esbuild-freebsd-arm64/-/esbuild-freebsd-arm64-0.14.36.tgz#e8ce2e6c697da6c7ecd0cc0ac821d47c5ab68529"
  integrity sha512-S3C0attylLLRiCcHiJd036eDEMOY32+h8P+jJ3kTcfhJANNjP0TNBNL30TZmEdOSx/820HJFgRrqpNAvTbjnDA==

esbuild-linux-32@0.14.36:
  version "0.14.36"
  resolved "https://registry.yarnpkg.com/esbuild-linux-32/-/esbuild-linux-32-0.14.36.tgz#a4a261e2af91986ea62451f2db712a556cb38a15"
  integrity sha512-Eh9OkyTrEZn9WGO4xkI3OPPpUX7p/3QYvdG0lL4rfr73Ap2HAr6D9lP59VMF64Ex01LhHSXwIsFG/8AQjh6eNw==

esbuild-linux-64@0.14.36:
  version "0.14.36"
  resolved "https://registry.yarnpkg.com/esbuild-linux-64/-/esbuild-linux-64-0.14.36.tgz#4a9500f9197e2c8fcb884a511d2c9d4c2debde72"
  integrity sha512-vFVFS5ve7PuwlfgoWNyRccGDi2QTNkQo/2k5U5ttVD0jRFaMlc8UQee708fOZA6zTCDy5RWsT5MJw3sl2X6KDg==

esbuild-linux-arm64@0.14.36:
  version "0.14.36"
  resolved "https://registry.yarnpkg.com/esbuild-linux-arm64/-/esbuild-linux-arm64-0.14.36.tgz#c91c21e25b315464bd7da867365dd1dae14ca176"
  integrity sha512-24Vq1M7FdpSmaTYuu1w0Hdhiqkbto1I5Pjyi+4Cdw5fJKGlwQuw+hWynTcRI/cOZxBcBpP21gND7W27gHAiftw==

esbuild-linux-arm@0.14.36:
  version "0.14.36"
  resolved "https://registry.yarnpkg.com/esbuild-linux-arm/-/esbuild-linux-arm-0.14.36.tgz#90e23bca2e6e549affbbe994f80ba3bb6c4d934a"
  integrity sha512-NhgU4n+NCsYgt7Hy61PCquEz5aevI6VjQvxwBxtxrooXsxt5b2xtOUXYZe04JxqQo+XZk3d1gcr7pbV9MAQ/Lg==

esbuild-linux-mips64le@0.14.36:
  version "0.14.36"
  resolved "https://registry.yarnpkg.com/esbuild-linux-mips64le/-/esbuild-linux-mips64le-0.14.36.tgz#40e11afb08353ff24709fc89e4db0f866bc131d2"
  integrity sha512-hZUeTXvppJN+5rEz2EjsOFM9F1bZt7/d2FUM1lmQo//rXh1RTFYzhC0txn7WV0/jCC7SvrGRaRz0NMsRPf8SIA==

esbuild-linux-ppc64le@0.14.36:
  version "0.14.36"
  resolved "https://registry.yarnpkg.com/esbuild-linux-ppc64le/-/esbuild-linux-ppc64le-0.14.36.tgz#9e8a588c513d06cc3859f9dcc52e5fdfce8a1a5e"
  integrity sha512-1Bg3QgzZjO+QtPhP9VeIBhAduHEc2kzU43MzBnMwpLSZ890azr4/A9Dganun8nsqD/1TBcqhId0z4mFDO8FAvg==

esbuild-linux-riscv64@0.14.36:
  version "0.14.36"
  resolved "https://registry.yarnpkg.com/esbuild-linux-riscv64/-/esbuild-linux-riscv64-0.14.36.tgz#e578c09b23b3b97652e60e3692bfda628b541f06"
  integrity sha512-dOE5pt3cOdqEhaufDRzNCHf5BSwxgygVak9UR7PH7KPVHwSTDAZHDoEjblxLqjJYpc5XaU9+gKJ9F8mp9r5I4A==

esbuild-linux-s390x@0.14.36:
  version "0.14.36"
  resolved "https://registry.yarnpkg.com/esbuild-linux-s390x/-/esbuild-linux-s390x-0.14.36.tgz#3c9dab40d0d69932ffded0fd7317bb403626c9bc"
  integrity sha512-g4FMdh//BBGTfVHjF6MO7Cz8gqRoDPzXWxRvWkJoGroKA18G9m0wddvPbEqcQf5Tbt2vSc1CIgag7cXwTmoTXg==

esbuild-netbsd-64@0.14.36:
  version "0.14.36"
  resolved "https://registry.yarnpkg.com/esbuild-netbsd-64/-/esbuild-netbsd-64-0.14.36.tgz#e27847f6d506218291619b8c1e121ecd97628494"
  integrity sha512-UB2bVImxkWk4vjnP62ehFNZ73lQY1xcnL5ZNYF3x0AG+j8HgdkNF05v67YJdCIuUJpBuTyCK8LORCYo9onSW+A==

esbuild-openbsd-64@0.14.36:
  version "0.14.36"
  resolved "https://registry.yarnpkg.com/esbuild-openbsd-64/-/esbuild-openbsd-64-0.14.36.tgz#c94c04c557fae516872a586eae67423da6d2fabb"
  integrity sha512-NvGB2Chf8GxuleXRGk8e9zD3aSdRO5kLt9coTQbCg7WMGXeX471sBgh4kSg8pjx0yTXRt0MlrUDnjVYnetyivg==

esbuild-sunos-64@0.14.36:
  version "0.14.36"
  resolved "https://registry.yarnpkg.com/esbuild-sunos-64/-/esbuild-sunos-64-0.14.36.tgz#9b79febc0df65a30f1c9bd63047d1675511bf99d"
  integrity sha512-VkUZS5ftTSjhRjuRLp+v78auMO3PZBXu6xl4ajomGenEm2/rGuWlhFSjB7YbBNErOchj51Jb2OK8lKAo8qdmsQ==

esbuild-windows-32@0.14.36:
  version "0.14.36"
  resolved "https://registry.yarnpkg.com/esbuild-windows-32/-/esbuild-windows-32-0.14.36.tgz#910d11936c8d2122ffdd3275e5b28d8a4e1240ec"
  integrity sha512-bIar+A6hdytJjZrDxfMBUSEHHLfx3ynoEZXx/39nxy86pX/w249WZm8Bm0dtOAByAf4Z6qV0LsnTIJHiIqbw0w==

esbuild-windows-64@0.14.36:
  version "0.14.36"
  resolved "https://registry.yarnpkg.com/esbuild-windows-64/-/esbuild-windows-64-0.14.36.tgz#21b4ce8b42a4efc63f4b58ec617f1302448aad26"
  integrity sha512-+p4MuRZekVChAeueT1Y9LGkxrT5x7YYJxYE8ZOTcEfeUUN43vktSn6hUNsvxzzATrSgq5QqRdllkVBxWZg7KqQ==

esbuild-windows-arm64@0.14.36:
  version "0.14.36"
  resolved "https://registry.yarnpkg.com/esbuild-windows-arm64/-/esbuild-windows-arm64-0.14.36.tgz#ba21546fecb7297667d0052d00150de22c044b24"
  integrity sha512-fBB4WlDqV1m18EF/aheGYQkQZHfPHiHJSBYzXIo8yKehek+0BtBwo/4PNwKGJ5T0YK0oc8pBKjgwPbzSrPLb+Q==

esbuild@^0.14.36:
  version "0.14.36"
  resolved "https://registry.yarnpkg.com/esbuild/-/esbuild-0.14.36.tgz#0023a73eab57886ac5605df16ee421e471a971b3"
  integrity sha512-HhFHPiRXGYOCRlrhpiVDYKcFJRdO0sBElZ668M4lh2ER0YgnkLxECuFe7uWCf23FrcLc59Pqr7dHkTqmRPDHmw==
  optionalDependencies:
    esbuild-android-64 "0.14.36"
    esbuild-android-arm64 "0.14.36"
    esbuild-darwin-64 "0.14.36"
    esbuild-darwin-arm64 "0.14.36"
    esbuild-freebsd-64 "0.14.36"
    esbuild-freebsd-arm64 "0.14.36"
    esbuild-linux-32 "0.14.36"
    esbuild-linux-64 "0.14.36"
    esbuild-linux-arm "0.14.36"
    esbuild-linux-arm64 "0.14.36"
    esbuild-linux-mips64le "0.14.36"
    esbuild-linux-ppc64le "0.14.36"
    esbuild-linux-riscv64 "0.14.36"
    esbuild-linux-s390x "0.14.36"
    esbuild-netbsd-64 "0.14.36"
    esbuild-openbsd-64 "0.14.36"
    esbuild-sunos-64 "0.14.36"
    esbuild-windows-32 "0.14.36"
    esbuild-windows-64 "0.14.36"
    esbuild-windows-arm64 "0.14.36"

form-data@^3.0.0:
  version "3.0.1"
  resolved "https://registry.yarnpkg.com/form-data/-/form-data-3.0.1.tgz#ebd53791b78356a99af9a300d4282c4d5eb9755f"
  integrity sha512-RHkBKtLWUVwd7SqRIvCZMEvAMoGUp0XU+seQiZejj0COz3RI3hWP4sCv3gZWWLjJTd7rGwcsF5eKZGii0r/hbg==
  dependencies:
    asynckit "^0.4.0"
    combined-stream "^1.0.8"
    mime-types "^2.1.12"

long@4.0.0:
  version "4.0.0"
  resolved "https://registry.yarnpkg.com/long/-/long-4.0.0.tgz#9a7b71cfb7d361a194ea555241c92f7468d5bf28"
  integrity sha512-XsP+KhQif4bjX1kbuSiySJFNAehNxgLb6hPRGJ9QsUr8ajHkuXGdrHmFUTUUXhDwVX2R5bY4JNZEwbUiMhV+MA==

mime-db@1.52.0:
  version "1.52.0"
  resolved "https://registry.yarnpkg.com/mime-db/-/mime-db-1.52.0.tgz#bbabcdc02859f4987301c856e3387ce5ec43bf70"
  integrity sha512-sPU4uV7dYlvtWJxwwxHD0PuihVNiE7TyAbQ5SWxDCB9mUYvOgroQOwYQQOKPJ8CIbE+1ETVlOoK1UC2nU3gYvg==

mime-types@^2.1.12:
  version "2.1.35"
  resolved "https://registry.yarnpkg.com/mime-types/-/mime-types-2.1.35.tgz#381a871b62a734450660ae3deee44813f70d959a"
  integrity sha512-ZDY+bPm5zTTF+YpCrAU9nK0UgICYPT0QtT1NZWFv4s++TNkcgVaT0g6+4R2uI4MjQjzysHB1zxuWL50hzaeXiw==
  dependencies:
    mime-db "1.52.0"

node-fetch@~2.6.1:
  version "2.6.7"
  resolved "https://registry.yarnpkg.com/node-fetch/-/node-fetch-2.6.7.tgz#24de9fba827e3b4ae44dc8b20256a379160052ad"
  integrity sha512-ZjMPFEfVx5j+y2yF35Kzx5sF7kDzxuDj6ziH4FFbOp87zKDZNx8yExJIb05OGF4Nlt9IHFIMBkRl41VdvcNdbQ==
  dependencies:
    whatwg-url "^5.0.0"

seedrandom@2.4.3:
  version "2.4.3"
  resolved "https://registry.yarnpkg.com/seedrandom/-/seedrandom-2.4.3.tgz#2438504dad33917314bff18ac4d794f16d6aaecc"
  integrity sha1-JDhQTa0zkXMUv/GKxNeU8W1qrsw=

seedrandom@~2.4.3:
  version "2.4.4"
  resolved "https://registry.yarnpkg.com/seedrandom/-/seedrandom-2.4.4.tgz#b25ea98632c73e45f58b77cfaa931678df01f9ba"
  integrity sha512-9A+PDmgm+2du77B5i0Ip2cxOqqHjgNxnBgglxLcX78A2D6c2rTo61z4jnVABpF4cKeDMDG+cmXXvdnqse2VqMA==

tr46@~0.0.3:
  version "0.0.3"
  resolved "https://registry.yarnpkg.com/tr46/-/tr46-0.0.3.tgz#8184fd347dac9cdc185992f3a6622e14b9d9ab6a"
  integrity sha1-gYT9NH2snNwYWZLzpmIuFLnZq2o=

webidl-conversions@^3.0.0:
  version "3.0.1"
  resolved "https://registry.yarnpkg.com/webidl-conversions/-/webidl-conversions-3.0.1.tgz#24534275e2a7bc6be7bc86611cc16ae0a5654871"
  integrity sha1-JFNCdeKnvGvnvIZhHMFq4KVlSHE=

whatwg-url@^5.0.0:
  version "5.0.0"
  resolved "https://registry.yarnpkg.com/whatwg-url/-/whatwg-url-5.0.0.tgz#966454e8765462e37644d3626f6742ce8b70965d"
  integrity sha1-lmRU6HZUYuN2RNNib2dCzotwll0=
  dependencies:
    tr46 "~0.0.3"
    webidl-conversions "^3.0.0"
